{
  "name": "tools",
  "lockfileVersion": 3,
  "requires": true,
  "packages": {
    "": {
      "dependencies": {
        "image-size": "^2.0.1",
        "sizeof": "^1.0.0"
      }
    },
    "node_modules/image-size": {
      "version": "2.0.1",
      "resolved": "https://registry.npmjs.org/image-size/-/image-size-2.0.1.tgz",
      "integrity": "sha512-NI6NK/2zchlZopsQrcVIS7jxA0/rtIy74B+/rx5s7rKQyFebmQjZVhzxXgRZJROk+WhhOq+S6sUaODxp0L5hfg==",
      "bin": {
        "image-size": "bin/image-size.js"
      },
      "engines": {
        "node": ">=16.x"
      }
    },
    "node_modules/sizeof": {
      "version": "1.0.0",
      "resolved": "https://registry.npmjs.org/sizeof/-/sizeof-1.0.0.tgz",
      "integrity": "sha512-g4OQ0bVHnbik2WwL9nN59ojhADXFPjJq0hWn69a2eJdt3BsxcCU5oWgaXwm8ZUXlGYx9qTOiMFlOdlqoibnz/g=="
    }
  }
}
